
Microsoft Visual Studio Solution File, Format Version 12.00
Project("{FAE04EC0-301F-11D3-BF4B-00C04F79EFBC}") = "Blazor.WASM.Client", "Blazor.WASM.Client\Blazor.WASM.Client.csproj", "{18D4F856-4148-47D5-8D27-E975B3A6300D}"
EndProject
Project("{FAE04EC0-301F-11D3-BF4B-00C04F79EFBC}") = "Blazor.WASM.Api", "Blazor.WASM.Api\Blazor.WASM.Api.csproj", "{F6E83D04-11C3-4CD1-999C-3BAC95B1467B}"
EndProject
Project("{FAE04EC0-301F-11D3-BF4B-00C04F79EFBC}") = "Blazor.WASM.Shared", "Blazor.WASM.Shared\Blazor.WASM.Shared.csproj", "{B4BDEAE9-1445-45AA-98F5-61D1FE41E7AA}"
EndProject
Global
	GlobalSection(SolutionConfigurationPlatforms) = preSolution
		Debug|Any CPU = Debug|Any CPU
		Release|Any CPU = Release|Any CPU
	EndGlobalSection
	GlobalSection(ProjectConfigurationPlatforms) = postSolution
		{18D4F856-4148-47D5-8D27-E975B3A6300D}.Debug|Any CPU.ActiveCfg = Debug|Any CPU
		{18D4F856-4148-47D5-8D27-E975B3A6300D}.Debug|Any CPU.Build.0 = Debug|Any CPU
		{18D4F856-4148-47D5-8D27-E975B3A6300D}.Release|Any CPU.ActiveCfg = Release|Any CPU
		{18D4F856-4148-47D5-8D27-E975B3A6300D}.Release|Any CPU.Build.0 = Release|Any CPU
		{F6E83D04-11C3-4CD1-999C-3BAC95B1467B}.Debug|Any CPU.ActiveCfg = Debug|Any CPU
		{F6E83D04-11C3-4CD1-999C-3BAC95B1467B}.Debug|Any CPU.Build.0 = Debug|Any CPU
		{F6E83D04-11C3-4CD1-999C-3BAC95B1467B}.Release|Any CPU.ActiveCfg = Release|Any CPU
		{F6E83D04-11C3-4CD1-999C-3BAC95B1467B}.Release|Any CPU.Build.0 = Release|Any CPU
		{B4BDEAE9-1445-45AA-98F5-61D1FE41E7AA}.Debug|Any CPU.ActiveCfg = Debug|Any CPU
		{B4BDEAE9-1445-45AA-98F5-61D1FE41E7AA}.Debug|Any CPU.Build.0 = Debug|Any CPU
		{B4BDEAE9-1445-45AA-98F5-61D1FE41E7AA}.Release|Any CPU.ActiveCfg = Release|Any CPU
		{B4BDEAE9-1445-45AA-98F5-61D1FE41E7AA}.Release|Any CPU.Build.0 = Release|Any CPU
	EndGlobalSection
EndGlobal
